
Microsoft Visual Studio Solution File, Format Version 12.00
# Visual Studio Version 16
VisualStudioVersion = 16.0.29409.12
MinimumVisualStudioVersion = 10.0.40219.1
Project("{FAE04EC0-301F-11D3-BF4B-00C04F79EFBC}") = "Streams", "Streams\Streams.csproj", "{98616EC8-4342-450B-ABA5-D23AF2534981}"
EndProject
Global
	GlobalSection(SolutionConfigurationPlatforms) = preSolution
		Debug|Any CPU = Debug|Any CPU
		Release|Any CPU = Release|Any CPU
	EndGlobalSection
	GlobalSection(ProjectConfigurationPlatforms) = postSolution
		{98616EC8-4342-450B-ABA5-D23AF2534981}.Debug|Any CPU.ActiveCfg = Debug|Any CPU
		{98616EC8-4342-450B-ABA5-D23AF2534981}.Debug|Any CPU.Build.0 = Debug|Any CPU
		{98616EC8-4342-450B-ABA5-D23AF2534981}.Release|Any CPU.ActiveCfg = Release|Any CPU
		{98616EC8-4342-450B-ABA5-D23AF2534981}.Release|Any CPU.Build.0 = Release|Any CPU
	EndGlobalSection
	GlobalSection(SolutionProperties) = preSolution
		HideSolutionNode = FALSE
	EndGlobalSection
	GlobalSection(ExtensibilityGlobals) = postSolution
		SolutionGuid = {00D2E873-17A4-4B19-9A87-053EF4F896C1}
	EndGlobalSection
EndGlobal
